
Microsoft Visual Studio Solution File, Format Version 12.00
# Visual Studio Version 17
VisualStudioVersion = 17.2.32630.192
MinimumVisualStudioVersion = 10.0.40219.1
Project("{FAE04EC0-301F-11D3-BF4B-00C04F79EFBC}") = "ETickets", "ETickets.csproj", "{243FBFD5-7DFC-4DA8-8143-CE35E4BF8492}"
EndProject
Global
	GlobalSection(SolutionConfigurationPlatforms) = preSolution
		Debug|Any CPU = Debug|Any CPU
		Release|Any CPU = Release|Any CPU
	EndGlobalSection
	GlobalSection(ProjectConfigurationPlatforms) = postSolution
		{243FBFD5-7DFC-4DA8-8143-CE35E4BF8492}.Debug|Any CPU.ActiveCfg = Debug|Any CPU
		{243FBFD5-7DFC-4DA8-8143-CE35E4BF8492}.Debug|Any CPU.Build.0 = Debug|Any CPU
		{243FBFD5-7DFC-4DA8-8143-CE35E4BF8492}.Release|Any CPU.ActiveCfg = Release|Any CPU
		{243FBFD5-7DFC-4DA8-8143-CE35E4BF8492}.Release|Any CPU.Build.0 = Release|Any CPU
	EndGlobalSection
	GlobalSection(SolutionProperties) = preSolution
		HideSolutionNode = FALSE
	EndGlobalSection
	GlobalSection(ExtensibilityGlobals) = postSolution
		SolutionGuid = {92D22D72-A933-427E-9D96-6C72BFA77A2A}
	EndGlobalSection
EndGlobal
